# Code generated by scarb DO NOT EDIT.
version = 1

[[package]]
name = "access_control"
version = "0.5.0"
source = "registry+https://scarbs.xyz/"
checksum = "sha256:c0d72a9247e9833eee8ffaf32e85094c149ae479377e384a724a3505853a2b39"

[[package]]
name = "deployment"
version = "1.2.0"
dependencies = [
 "opus",
 "scripts",
 "sncast_std",
 "wadray",
]

[[package]]
name = "opus"
version = "1.2.0"
dependencies = [
 "access_control",
 "wadray",
]

[[package]]
name = "scripts"
version = "1.2.0"
dependencies = [
 "opus",
 "sncast_std",
 "wadray",
]

[[package]]
name = "simulation"
version = "1.2.0"
dependencies = [
 "opus",
 "scripts",
 "sncast_std",
 "wadray",
]

[[package]]
name = "sncast_std"
version = "0.62.1"
source = "registry+https://scarbs.xyz/"
checksum = "sha256:3d9f11a69001c192e16d8439bb5eb1f118c1ba9e508a9a8876b1ec1430311cc1"

[[package]]
name = "wadray"
version = "0.6.1"
source = "registry+https://scarbs.xyz/"
checksum = "sha256:09bd9792f7f91b3fdfabca48e77cc141c53ccdbbcb957c28ce222eac864a92d1"
